// !$*UTF8*$!
{
	archiveVersion = 1;
	classes = {
	};
	objectVersion = 56;
	objects = {

/* Begin PBXBuildFile section */
		E8893C582AE06EF7001565C9 /* CategoryCell.swift in Sources */ = {isa = PBXBuildFile; fileRef = E8893C572AE06EF7001565C9 /* CategoryCell.swift */; };
		E8AE645B2ADFC4C9008699F9 /* AppDelegate.swift in Sources */ = {isa = PBXBuildFile; fileRef = E8AE645A2ADFC4C9008699F9 /* AppDelegate.swift */; };
		E8AE645D2ADFC4C9008699F9 /* SceneDelegate.swift in Sources */ = {isa = PBXBuildFile; fileRef = E8AE645C2ADFC4C9008699F9 /* SceneDelegate.swift */; };
		E8AE645F2ADFC4C9008699F9 /* DetailViewController.swift in Sources */ = {isa = PBXBuildFile; fileRef = E8AE645E2ADFC4C9008699F9 /* DetailViewController.swift */; };
		E8AE64622ADFC4C9008699F9 /* Main.storyboard in Resources */ = {isa = PBXBuildFile; fileRef = E8AE64602ADFC4C9008699F9 /* Main.storyboard */; };
		E8AE64642ADFC4CB008699F9 /* Assets.xcassets in Resources */ = {isa = PBXBuildFile; fileRef = E8AE64632ADFC4CB008699F9 /* Assets.xcassets */; };
		E8AE64672ADFC4CB008699F9 /* LaunchScreen.storyboard in Resources */ = {isa = PBXBuildFile; fileRef = E8AE64652ADFC4CB008699F9 /* LaunchScreen.storyboard */; };
		E8AE64722ADFC6F3008699F9 /* CategoryViewController.swift in Sources */ = {isa = PBXBuildFile; fileRef = E8AE64712ADFC6F3008699F9 /* CategoryViewController.swift */; };
		E8AE64742ADFC7B9008699F9 /* RootViewController.swift in Sources */ = {isa = PBXBuildFile; fileRef = E8AE64732ADFC7B9008699F9 /* RootViewController.swift */; };
		E8AE64762ADFC908008699F9 /* Data.swift in Sources */ = {isa = PBXBuildFile; fileRef = E8AE64752ADFC908008699F9 /* Data.swift */; };
		E8AE64782ADFCAD6008699F9 /* RootCell.swift in Sources */ = {isa = PBXBuildFile; fileRef = E8AE64772ADFCAD6008699F9 /* RootCell.swift */; };
		E8AE647B2ADFE733008699F9 /* NetworkManager.swift in Sources */ = {isa = PBXBuildFile; fileRef = E8AE647A2ADFE733008699F9 /* NetworkManager.swift */; };
/* End PBXBuildFile section */

/* Begin PBXFileReference section */
		E8893C572AE06EF7001565C9 /* CategoryCell.swift */ = {isa = PBXFileReference; lastKnownFileType = sourcecode.swift; path = CategoryCell.swift; sourceTree = "<group>"; };
		E8AE64572ADFC4C9008699F9 /* starwars-app.app */ = {isa = PBXFileReference; explicitFileType = wrapper.application; includeInIndex = 0; path = "starwars-app.app"; sourceTree = BUILT_PRODUCTS_DIR; };
		E8AE645A2ADFC4C9008699F9 /* AppDelegate.swift */ = {isa = PBXFileReference; lastKnownFileType = sourcecode.swift; path = AppDelegate.swift; sourceTree = "<group>"; };
		E8AE645C2ADFC4C9008699F9 /* SceneDelegate.swift */ = {isa = PBXFileReference; lastKnownFileType = sourcecode.swift; path = SceneDelegate.swift; sourceTree = "<group>"; };
		E8AE645E2ADFC4C9008699F9 /* DetailViewController.swift */ = {isa = PBXFileReference; lastKnownFileType = sourcecode.swift; path = DetailViewController.swift; sourceTree = "<group>"; };
		E8AE64612ADFC4C9008699F9 /* Base */ = {isa = PBXFileReference; lastKnownFileType = file.storyboard; name = Base; path = Base.lproj/Main.storyboard; sourceTree = "<group>"; };
		E8AE64632ADFC4CB008699F9 /* Assets.xcassets */ = {isa = PBXFileReference; lastKnownFileType = folder.assetcatalog; path = Assets.xcassets; sourceTree = "<group>"; };
		E8AE64662ADFC4CB008699F9 /* Base */ = {isa = PBXFileReference; lastKnownFileType = file.storyboard; name = Base; path = Base.lproj/LaunchScreen.storyboard; sourceTree = "<group>"; };
		E8AE64682ADFC4CB008699F9 /* Info.plist */ = {isa = PBXFileReference; lastKnownFileType = text.plist.xml; path = Info.plist; sourceTree = "<group>"; };
		E8AE64712ADFC6F3008699F9 /* CategoryViewController.swift */ = {isa = PBXFileReference; lastKnownFileType = sourcecode.swift; path = CategoryViewController.swift; sourceTree = "<group>"; };
		E8AE64732ADFC7B9008699F9 /* RootViewController.swift */ = {isa = PBXFileReference; lastKnownFileType = sourcecode.swift; path = RootViewController.swift; sourceTree = "<group>"; };
		E8AE64752ADFC908008699F9 /* Data.swift */ = {isa = PBXFileReference; lastKnownFileType = sourcecode.swift; path = Data.swift; sourceTree = "<group>"; };
		E8AE64772ADFCAD6008699F9 /* RootCell.swift */ = {isa = PBXFileReference; lastKnownFileType = sourcecode.swift; path = RootCell.swift; sourceTree = "<group>"; };
		E8AE647A2ADFE733008699F9 /* NetworkManager.swift */ = {isa = PBXFileReference; lastKnownFileType = sourcecode.swift; path = NetworkManager.swift; sourceTree = "<group>"; };
/* End PBXFileReference section */

/* Begin PBXFrameworksBuildPhase section */
		E8AE64542ADFC4C9008699F9 /* Frameworks */ = {
			isa = PBXFrameworksBuildPhase;
			buildActionMask = 2147483647;
			files = (
			);
			runOnlyForDeploymentPostprocessing = 0;
		};
/* End PBXFrameworksBuildPhase section */

/* Begin PBXGroup section */
		E8AE644E2ADFC4C8008699F9 = {
			isa = PBXGroup;
			children = (
				E8AE64592ADFC4C9008699F9 /* starwars-app */,
				E8AE64582ADFC4C9008699F9 /* Products */,
			);
			sourceTree = "<group>";
		};
		E8AE64582ADFC4C9008699F9 /* Products */ = {
			isa = PBXGroup;
			children = (
				E8AE64572ADFC4C9008699F9 /* starwars-app.app */,
			);
			name = Products;
			sourceTree = "<group>";
		};
		E8AE64592ADFC4C9008699F9 /* starwars-app */ = {
			isa = PBXGroup;
			children = (
				E8AE64792ADFE71A008699F9 /* Helpers */,
				E8AE645A2ADFC4C9008699F9 /* AppDelegate.swift */,
				E8AE645C2ADFC4C9008699F9 /* SceneDelegate.swift */,
				E8AE646F2ADFC61D008699F9 /* Model */,
				E8AE64702ADFC625008699F9 /* View */,
				E8AE646E2ADFC609008699F9 /* Controller */,
				E8AE64602ADFC4C9008699F9 /* Main.storyboard */,
				E8AE64632ADFC4CB008699F9 /* Assets.xcassets */,
				E8AE64652ADFC4CB008699F9 /* LaunchScreen.storyboard */,
				E8AE64682ADFC4CB008699F9 /* Info.plist */,
			);
			path = "starwars-app";
			sourceTree = "<group>";
		};
		E8AE646E2ADFC609008699F9 /* Controller */ = {
			isa = PBXGroup;
			children = (
				E8AE64732ADFC7B9008699F9 /* RootViewController.swift */,
				E8AE64712ADFC6F3008699F9 /* CategoryViewController.swift */,
				E8AE645E2ADFC4C9008699F9 /* DetailViewController.swift */,
			);
			path = Controller;
			sourceTree = "<group>";
		};
		E8AE646F2ADFC61D008699F9 /* Model */ = {
			isa = PBXGroup;
			children = (
				E8AE64752ADFC908008699F9 /* Data.swift */,
			);
			path = Model;
			sourceTree = "<group>";
		};
		E8AE64702ADFC625008699F9 /* View */ = {
			isa = PBXGroup;
			children = (
				E8AE64772ADFCAD6008699F9 /* RootCell.swift */,
				E8893C572AE06EF7001565C9 /* CategoryCell.swift */,
			);
			path = View;
			sourceTree = "<group>";
		};
		E8AE64792ADFE71A008699F9 /* Helpers */ = {
			isa = PBXGroup;
			children = (
				E8AE647A2ADFE733008699F9 /* NetworkManager.swift */,
			);
			path = Helpers;
			sourceTree = "<group>";
		};
/* End PBXGroup section */

/* Begin PBXNativeTarget section */
		E8AE64562ADFC4C9008699F9 /* starwars-app */ = {
			isa = PBXNativeTarget;
			buildConfigurationList = E8AE646B2ADFC4CB008699F9 /* Build configuration list for PBXNativeTarget "starwars-app" */;
			buildPhases = (
				E8AE64532ADFC4C9008699F9 /* Sources */,
				E8AE64542ADFC4C9008699F9 /* Frameworks */,
				E8AE64552ADFC4C9008699F9 /* Resources */,
			);
			buildRules = (
			);
			dependencies = (
			);
			name = "starwars-app";
			productName = "starwars-app";
			productReference = E8AE64572ADFC4C9008699F9 /* starwars-app.app */;
			productType = "com.apple.product-type.application";
		};
/* End PBXNativeTarget section */

/* Begin PBXProject section */
		E8AE644F2ADFC4C8008699F9 /* Project object */ = {
			isa = PBXProject;
			attributes = {
				BuildIndependentTargetsInParallel = 1;
				LastSwiftUpdateCheck = 1420;
				LastUpgradeCheck = 1420;
				TargetAttributes = {
					E8AE64562ADFC4C9008699F9 = {
						CreatedOnToolsVersion = 14.2;
					};
				};
			};
			buildConfigurationList = E8AE64522ADFC4C8008699F9 /* Build configuration list for PBXProject "starwars-app" */;
			compatibilityVersion = "Xcode 14.0";
			developmentRegion = en;
			hasScannedForEncodings = 0;
			knownRegions = (
				en,
				Base,
			);
			mainGroup = E8AE644E2ADFC4C8008699F9;
			productRefGroup = E8AE64582ADFC4C9008699F9 /* Products */;
			projectDirPath = "";
			projectRoot = "";
			targets = (
				E8AE64562ADFC4C9008699F9 /* starwars-app */,
			);
		};
/* End PBXProject section */

/* Begin PBXResourcesBuildPhase section */
		E8AE64552ADFC4C9008699F9 /* Resources */ = {
			isa = PBXResourcesBuildPhase;
			buildActionMask = 2147483647;
			files = (
				E8AE64672ADFC4CB008699F9 /* LaunchScreen.storyboard in Resources */,
				E8AE64642ADFC4CB008699F9 /* Assets.xcassets in Resources */,
				E8AE64622ADFC4C9008699F9 /* Main.storyboard in Resources */,
			);
			runOnlyForDeploymentPostprocessing = 0;
		};
/* End PBXResourcesBuildPhase section */

/* Begin PBXSourcesBuildPhase section */
		E8AE64532ADFC4C9008699F9 /* Sources */ = {
			isa = PBXSourcesBuildPhase;
			buildActionMask = 2147483647;
			files = (
				E8AE64722ADFC6F3008699F9 /* CategoryViewController.swift in Sources */,
				E8AE64762ADFC908008699F9 /* Data.swift in Sources */,
				E8AE64782ADFCAD6008699F9 /* RootCell.swift in Sources */,
				E8AE645F2ADFC4C9008699F9 /* DetailViewController.swift in Sources */,
				E8AE647B2ADFE733008699F9 /* NetworkManager.swift in Sources */,
				E8893C582AE06EF7001565C9 /* CategoryCell.swift in Sources */,
				E8AE64742ADFC7B9008699F9 /* RootViewController.swift in Sources */,
				E8AE645B2ADFC4C9008699F9 /* AppDelegate.swift in Sources */,
				E8AE645D2ADFC4C9008699F9 /* SceneDelegate.swift in Sources */,
			);
			runOnlyForDeploymentPostprocessing = 0;
		};
/* End PBXSourcesBuildPhase section */

/* Begin PBXVariantGroup section */
		E8AE64602ADFC4C9008699F9 /* Main.storyboard */ = {
			isa = PBXVariantGroup;
			children = (
				E8AE64612ADFC4C9008699F9 /* Base */,
			);
			name = Main.storyboard;
			sourceTree = "<group>";
		};
		E8AE64652ADFC4CB008699F9 /* LaunchScreen.storyboard */ = {
			isa = PBXVariantGroup;
			children = (
				E8AE64662ADFC4CB008699F9 /* Base */,
			);
			name = LaunchScreen.storyboard;
			sourceTree = "<group>";
		};
/* End PBXVariantGroup section */

/* Begin XCBuildConfiguration section */
		E8AE64692ADFC4CB008699F9 /* Debug */ = {
			isa = XCBuildConfiguration;
			buildSettings = {
				ALWAYS_SEARCH_USER_PATHS = NO;
				CLANG_ANALYZER_NONNULL = YES;
				CLANG_ANALYZER_NUMBER_OBJECT_CONVERSION = YES_AGGRESSIVE;
				CLANG_CXX_LANGUAGE_STANDARD = "gnu++20";
				CLANG_ENABLE_MODULES = YES;
				CLANG_ENABLE_OBJC_ARC = YES;
				CLANG_ENABLE_OBJC_WEAK = YES;
				CLANG_WARN_BLOCK_CAPTURE_AUTORELEASING = YES;
				CLANG_WARN_BOOL_CONVERSION = YES;
				CLANG_WARN_COMMA = YES;
				CLANG_WARN_CONSTANT_CONVERSION = YES;
				CLANG_WARN_DEPRECATED_OBJC_IMPLEMENTATIONS = YES;
				CLANG_WARN_DIRECT_OBJC_ISA_USAGE = YES_ERROR;
				CLANG_WARN_DOCUMENTATION_COMMENTS = YES;
				CLANG_WARN_EMPTY_BODY = YES;
				CLANG_WARN_ENUM_CONVERSION = YES;
				CLANG_WARN_INFINITE_RECURSION = YES;
				CLANG_WARN_INT_CONVERSION = YES;
				CLANG_WARN_NON_LITERAL_NULL_CONVERSION = YES;
				CLANG_WARN_OBJC_IMPLICIT_RETAIN_SELF = YES;
				CLANG_WARN_OBJC_LITERAL_CONVERSION = YES;
				CLANG_WARN_OBJC_ROOT_CLASS = YES_ERROR;
				CLANG_WARN_QUOTED_INCLUDE_IN_FRAMEWORK_HEADER = YES;
				CLANG_WARN_RANGE_LOOP_ANALYSIS = YES;
				CLANG_WARN_STRICT_PROTOTYPES = YES;
				CLANG_WARN_SUSPICIOUS_MOVE = YES;
				CLANG_WARN_UNGUARDED_AVAILABILITY = YES_AGGRESSIVE;
				CLANG_WARN_UNREACHABLE_CODE = YES;
				CLANG_WARN__DUPLICATE_METHOD_MATCH = YES;
				COPY_PHASE_STRIP = NO;
				DEBUG_INFORMATION_FORMAT = dwarf;
				ENABLE_STRICT_OBJC_MSGSEND = YES;
				ENABLE_TESTABILITY = YES;
				GCC_C_LANGUAGE_STANDARD = gnu11;
				GCC_DYNAMIC_NO_PIC = NO;
				GCC_NO_COMMON_BLOCKS = YES;
				GCC_OPTIMIZATION_LEVEL = 0;
				GCC_PREPROCESSOR_DEFINITIONS = (
					"DEBUG=1",
					"$(inherited)",
				);
				GCC_WARN_64_TO_32_BIT_CONVERSION = YES;
				GCC_WARN_ABOUT_RETURN_TYPE = YES_ERROR;
				GCC_WARN_UNDECLARED_SELECTOR = YES;
				GCC_WARN_UNINITIALIZED_AUTOS = YES_AGGRESSIVE;
				GCC_WARN_UNUSED_FUNCTION = YES;
				GCC_WARN_UNUSED_VARIABLE = YES;
				IPHONEOS_DEPLOYMENT_TARGET = 16.2;
				MTL_ENABLE_DEBUG_INFO = INCLUDE_SOURCE;
				MTL_FAST_MATH = YES;
				ONLY_ACTIVE_ARCH = YES;
				SDKROOT = iphoneos;
				SWIFT_ACTIVE_COMPILATION_CONDITIONS = DEBUG;
				SWIFT_OPTIMIZATION_LEVEL = "-Onone";
			};
			name = Debug;
		};
		E8AE646A2ADFC4CB008699F9 /* Release */ = {
			isa = XCBuildConfiguration;
			buildSettings = {
				ALWAYS_SEARCH_USER_PATHS = NO;
				CLANG_ANALYZER_NONNULL = YES;
				CLANG_ANALYZER_NUMBER_OBJECT_CONVERSION = YES_AGGRESSIVE;
				CLANG_CXX_LANGUAGE_STANDARD = "gnu++20";
				CLANG_ENABLE_MODULES = YES;
				CLANG_ENABLE_OBJC_ARC = YES;
				CLANG_ENABLE_OBJC_WEAK = YES;
				CLANG_WARN_BLOCK_CAPTURE_AUTORELEASING = YES;
				CLANG_WARN_BOOL_CONVERSION = YES;
				CLANG_WARN_COMMA = YES;
				CLANG_WARN_CONSTANT_CONVERSION = YES;
				CLANG_WARN_DEPRECATED_OBJC_IMPLEMENTATIONS = YES;
				CLANG_WARN_DIRECT_OBJC_ISA_USAGE = YES_ERROR;
				CLANG_WARN_DOCUMENTATION_COMMENTS = YES;
				CLANG_WARN_EMPTY_BODY = YES;
				CLANG_WARN_ENUM_CONVERSION = YES;
				CLANG_WARN_INFINITE_RECURSION = YES;
				CLANG_WARN_INT_CONVERSION = YES;
				CLANG_WARN_NON_LITERAL_NULL_CONVERSION = YES;
				CLANG_WARN_OBJC_IMPLICIT_RETAIN_SELF = YES;
				CLANG_WARN_OBJC_LITERAL_CONVERSION = YES;
				CLANG_WARN_OBJC_ROOT_CLASS = YES_ERROR;
				CLANG_WARN_QUOTED_INCLUDE_IN_FRAMEWORK_HEADER = YES;
				CLANG_WARN_RANGE_LOOP_ANALYSIS = YES;
				CLANG_WARN_STRICT_PROTOTYPES = YES;
				CLANG_WARN_SUSPICIOUS_MOVE = YES;
				CLANG_WARN_UNGUARDED_AVAILABILITY = YES_AGGRESSIVE;
				CLANG_WARN_UNREACHABLE_CODE = YES;
				CLANG_WARN__DUPLICATE_METHOD_MATCH = YES;
				COPY_PHASE_STRIP = NO;
				DEBUG_INFORMATION_FORMAT = "dwarf-with-dsym";
				ENABLE_NS_ASSERTIONS = NO;
				ENABLE_STRICT_OBJC_MSGSEND = YES;
				GCC_C_LANGUAGE_STANDARD = gnu11;
				GCC_NO_COMMON_BLOCKS = YES;
				GCC_WARN_64_TO_32_BIT_CONVERSION = YES;
				GCC_WARN_ABOUT_RETURN_TYPE = YES_ERROR;
				GCC_WARN_UNDECLARED_SELECTOR = YES;
				GCC_WARN_UNINITIALIZED_AUTOS = YES_AGGRESSIVE;
				GCC_WARN_UNUSED_FUNCTION = YES;
				GCC_WARN_UNUSED_VARIABLE = YES;
				IPHONEOS_DEPLOYMENT_TARGET = 16.2;
				MTL_ENABLE_DEBUG_INFO = NO;
				MTL_FAST_MATH = YES;
				SDKROOT = iphoneos;
				SWIFT_COMPILATION_MODE = wholemodule;
				SWIFT_OPTIMIZATION_LEVEL = "-O";
				VALIDATE_PRODUCT = YES;
			};
			name = Release;
		};
		E8AE646C2ADFC4CB008699F9 /* Debug */ = {
			isa = XCBuildConfiguration;
			buildSettings = {
				ASSETCATALOG_COMPILER_APPICON_NAME = AppIcon;
				ASSETCATALOG_COMPILER_GLOBAL_ACCENT_COLOR_NAME = AccentColor;
				CODE_SIGN_STYLE = Automatic;
				CURRENT_PROJECT_VERSION = 1;
				DEVELOPMENT_TEAM = LJJN6RCAR5;
				GENERATE_INFOPLIST_FILE = YES;
				INFOPLIST_FILE = "starwars-app/Info.plist";
				INFOPLIST_KEY_UIApplicationSupportsIndirectInputEvents = YES;
				INFOPLIST_KEY_UILaunchStoryboardName = LaunchScreen;
				INFOPLIST_KEY_UIMainStoryboardFile = Main;
				INFOPLIST_KEY_UISupportedInterfaceOrientations_iPad = "UIInterfaceOrientationPortrait UIInterfaceOrientationPortraitUpsideDown UIInterfaceOrientationLandscapeLeft UIInterfaceOrientationLandscapeRight";
				INFOPLIST_KEY_UISupportedInterfaceOrientations_iPhone = "UIInterfaceOrientationPortrait UIInterfaceOrientationLandscapeLeft UIInterfaceOrientationLandscapeRight";
				LD_RUNPATH_SEARCH_PATHS = (
					"$(inherited)",
					"@executable_path/Frameworks",
				);
				MARKETING_VERSION = 1.0;
				PRODUCT_BUNDLE_IDENTIFIER = "com.SJApps.starwars-app";
				PRODUCT_NAME = "$(TARGET_NAME)";
				SWIFT_EMIT_LOC_STRINGS = YES;
				SWIFT_VERSION = 5.0;
				TARGETED_DEVICE_FAMILY = "1,2";
			};
			name = Debug;
		};
		E8AE646D2ADFC4CB008699F9 /* Release */ = {
			isa = XCBuildConfiguration;
			buildSettings = {
				ASSETCATALOG_COMPILER_APPICON_NAME = AppIcon;
				ASSETCATALOG_COMPILER_GLOBAL_ACCENT_COLOR_NAME = AccentColor;
				CODE_SIGN_STYLE = Automatic;
				CURRENT_PROJECT_VERSION = 1;
				DEVELOPMENT_TEAM = LJJN6RCAR5;
				GENERATE_INFOPLIST_FILE = YES;
				INFOPLIST_FILE = "starwars-app/Info.plist";
				INFOPLIST_KEY_UIApplicationSupportsIndirectInputEvents = YES;
				INFOPLIST_KEY_UILaunchStoryboardName = LaunchScreen;
				INFOPLIST_KEY_UIMainStoryboardFile = Main;
				INFOPLIST_KEY_UISupportedInterfaceOrientations_iPad = "UIInterfaceOrientationPortrait UIInterfaceOrientationPortraitUpsideDown UIInterfaceOrientationLandscapeLeft UIInterfaceOrientationLandscapeRight";
				INFOPLIST_KEY_UISupportedInterfaceOrientations_iPhone = "UIInterfaceOrientationPortrait UIInterfaceOrientationLandscapeLeft UIInterfaceOrientationLandscapeRight";
				LD_RUNPATH_SEARCH_PATHS = (
					"$(inherited)",
					"@executable_path/Frameworks",
				);
				MARKETING_VERSION = 1.0;
				PRODUCT_BUNDLE_IDENTIFIER = "com.SJApps.starwars-app";
				PRODUCT_NAME = "$(TARGET_NAME)";
				SWIFT_EMIT_LOC_STRINGS = YES;
				SWIFT_VERSION = 5.0;
				TARGETED_DEVICE_FAMILY = "1,2";
			};
			name = Release;
		};
/* End XCBuildConfiguration section */

/* Begin XCConfigurationList section */
		E8AE64522ADFC4C8008699F9 /* Build configuration list for PBXProject "starwars-app" */ = {
			isa = XCConfigurationList;
			buildConfigurations = (
				E8AE64692ADFC4CB008699F9 /* Debug */,
				E8AE646A2ADFC4CB008699F9 /* Release */,
			);
			defaultConfigurationIsVisible = 0;
			defaultConfigurationName = Release;
		};
		E8AE646B2ADFC4CB008699F9 /* Build configuration list for PBXNativeTarget "starwars-app" */ = {
			isa = XCConfigurationList;
			buildConfigurations = (
				E8AE646C2ADFC4CB008699F9 /* Debug */,
				E8AE646D2ADFC4CB008699F9 /* Release */,
			);
			defaultConfigurationIsVisible = 0;
			defaultConfigurationName = Release;
		};
/* End XCConfigurationList section */
	};
	rootObject = E8AE644F2ADFC4C8008699F9 /* Project object */;
}
